
Microsoft Visual Studio Solution File, Format Version 12.00
# Visual Studio Version 17
VisualStudioVersion = 17.6.33815.320
MinimumVisualStudioVersion = 10.0.40219.1
Project("{FAE04EC0-301F-11D3-BF4B-00C04F79EFBC}") = "ProyectoContactAsdrubal", "MVCClaseSeis\ProyectoContactAsdrubal.csproj", "{8B7A844E-0C8B-48DF-93ED-5BF0F39D311F}"
EndProject
Global
	GlobalSection(SolutionConfigurationPlatforms) = preSolution
		Debug|Any CPU = Debug|Any CPU
		Release|Any CPU = Release|Any CPU
	EndGlobalSection
	GlobalSection(ProjectConfigurationPlatforms) = postSolution
		{8B7A844E-0C8B-48DF-93ED-5BF0F39D311F}.Debug|Any CPU.ActiveCfg = Debug|Any CPU
		{8B7A844E-0C8B-48DF-93ED-5BF0F39D311F}.Debug|Any CPU.Build.0 = Debug|Any CPU
		{8B7A844E-0C8B-48DF-93ED-5BF0F39D311F}.Release|Any CPU.ActiveCfg = Release|Any CPU
		{8B7A844E-0C8B-48DF-93ED-5BF0F39D311F}.Release|Any CPU.Build.0 = Release|Any CPU
	EndGlobalSection
	GlobalSection(SolutionProperties) = preSolution
		HideSolutionNode = FALSE
	EndGlobalSection
	GlobalSection(ExtensibilityGlobals) = postSolution
		SolutionGuid = {61162F90-62B8-44C3-AAE5-AE7F560F542B}
	EndGlobalSection
EndGlobal
